
Microsoft Visual Studio Solution File, Format Version 12.00
# Visual Studio Version 17
VisualStudioVersion = 17.13.35919.96
MinimumVisualStudioVersion = 10.0.40219.1
Project("{54A90642-561A-4BB1-A94E-469ADEE60C69}") = "UI", "UI\UI.esproj", "{C62CF7B0-6508-E46D-FCE1-092C622FC55C}"
EndProject
Project("{FAE04EC0-301F-11D3-BF4B-00C04F79EFBC}") = "Inspectra", "Inspectra\Inspectra.csproj", "{91A309B9-7186-4C0C-A8F7-837125A1814D}"
EndProject
Global
	GlobalSection(SolutionConfigurationPlatforms) = preSolution
		Debug|Any CPU = Debug|Any CPU
		Release|Any CPU = Release|Any CPU
	EndGlobalSection
	GlobalSection(ProjectConfigurationPlatforms) = postSolution
		{C62CF7B0-6508-E46D-FCE1-092C622FC55C}.Debug|Any CPU.ActiveCfg = Debug|Any CPU
		{C62CF7B0-6508-E46D-FCE1-092C622FC55C}.Debug|Any CPU.Build.0 = Debug|Any CPU
		{C62CF7B0-6508-E46D-FCE1-092C622FC55C}.Debug|Any CPU.Deploy.0 = Debug|Any CPU
		{C62CF7B0-6508-E46D-FCE1-092C622FC55C}.Release|Any CPU.ActiveCfg = Release|Any CPU
		{C62CF7B0-6508-E46D-FCE1-092C622FC55C}.Release|Any CPU.Build.0 = Release|Any CPU
		{C62CF7B0-6508-E46D-FCE1-092C622FC55C}.Release|Any CPU.Deploy.0 = Release|Any CPU
		{91A309B9-7186-4C0C-A8F7-837125A1814D}.Debug|Any CPU.ActiveCfg = Debug|Any CPU
		{91A309B9-7186-4C0C-A8F7-837125A1814D}.Debug|Any CPU.Build.0 = Debug|Any CPU
		{91A309B9-7186-4C0C-A8F7-837125A1814D}.Release|Any CPU.ActiveCfg = Release|Any CPU
		{91A309B9-7186-4C0C-A8F7-837125A1814D}.Release|Any CPU.Build.0 = Release|Any CPU
	EndGlobalSection
	GlobalSection(SolutionProperties) = preSolution
		HideSolutionNode = FALSE
	EndGlobalSection
	GlobalSection(ExtensibilityGlobals) = postSolution
		SolutionGuid = {773FB183-A74E-4AC7-BED5-548E08EB8BD5}
	EndGlobalSection
EndGlobal
